// !$*UTF8*$!
{
	archiveVersion = 1;
	classes = {
	};
	objectVersion = 50;
	objects = {

/* Begin PBXBuildFile section */
		FA58340224BC1FFE00A18100 /* Bundle-Decodable.swift in Sources */ = {isa = PBXBuildFile; fileRef = FA58340124BC1FFE00A18100 /* Bundle-Decodable.swift */; };
		FA58340424BC2BCB00A18100 /* Mission.swift in Sources */ = {isa = PBXBuildFile; fileRef = FA58340324BC2BCB00A18100 /* Mission.swift */; };
		FA58340624BC4D2C00A18100 /* MissionView.swift in Sources */ = {isa = PBXBuildFile; fileRef = FA58340524BC4D2C00A18100 /* MissionView.swift */; };
		FAB26A8724BC03BE0037F6B2 /* AppDelegate.swift in Sources */ = {isa = PBXBuildFile; fileRef = FAB26A8624BC03BE0037F6B2 /* AppDelegate.swift */; };
		FAB26A8924BC03BE0037F6B2 /* SceneDelegate.swift in Sources */ = {isa = PBXBuildFile; fileRef = FAB26A8824BC03BE0037F6B2 /* SceneDelegate.swift */; };
		FAB26A8B24BC03BE0037F6B2 /* ContentView.swift in Sources */ = {isa = PBXBuildFile; fileRef = FAB26A8A24BC03BE0037F6B2 /* ContentView.swift */; };
		FAB26A8D24BC03BE0037F6B2 /* Assets.xcassets in Resources */ = {isa = PBXBuildFile; fileRef = FAB26A8C24BC03BE0037F6B2 /* Assets.xcassets */; };
		FAB26A9024BC03BE0037F6B2 /* Preview Assets.xcassets in Resources */ = {isa = PBXBuildFile; fileRef = FAB26A8F24BC03BE0037F6B2 /* Preview Assets.xcassets */; };
		FAB26A9324BC03BE0037F6B2 /* LaunchScreen.storyboard in Resources */ = {isa = PBXBuildFile; fileRef = FAB26A9124BC03BE0037F6B2 /* LaunchScreen.storyboard */; };
		FAE1CA3924BD7D20006281FC /* AstronautView.swift in Sources */ = {isa = PBXBuildFile; fileRef = FAE1CA3824BD7D20006281FC /* AstronautView.swift */; };
		FAE7EB3B24BC1BB600484AA2 /* missions.json in Resources */ = {isa = PBXBuildFile; fileRef = FAE7EB3924BC1BB500484AA2 /* missions.json */; };
		FAE7EB3C24BC1BB600484AA2 /* astronauts.json in Resources */ = {isa = PBXBuildFile; fileRef = FAE7EB3A24BC1BB500484AA2 /* astronauts.json */; };
		FAE7EB4024BC1CBB00484AA2 /* Astronaut.swift in Sources */ = {isa = PBXBuildFile; fileRef = FAE7EB3F24BC1CBB00484AA2 /* Astronaut.swift */; };
/* End PBXBuildFile section */

/* Begin PBXFileReference section */
		FA58340124BC1FFE00A18100 /* Bundle-Decodable.swift */ = {isa = PBXFileReference; lastKnownFileType = sourcecode.swift; path = "Bundle-Decodable.swift"; sourceTree = "<group>"; };
		FA58340324BC2BCB00A18100 /* Mission.swift */ = {isa = PBXFileReference; lastKnownFileType = sourcecode.swift; path = Mission.swift; sourceTree = "<group>"; };
		FA58340524BC4D2C00A18100 /* MissionView.swift */ = {isa = PBXFileReference; lastKnownFileType = sourcecode.swift; path = MissionView.swift; sourceTree = "<group>"; };
		FAB26A8324BC03BE0037F6B2 /* Moonshot.app */ = {isa = PBXFileReference; explicitFileType = wrapper.application; includeInIndex = 0; path = Moonshot.app; sourceTree = BUILT_PRODUCTS_DIR; };
		FAB26A8624BC03BE0037F6B2 /* AppDelegate.swift */ = {isa = PBXFileReference; lastKnownFileType = sourcecode.swift; path = AppDelegate.swift; sourceTree = "<group>"; };
		FAB26A8824BC03BE0037F6B2 /* SceneDelegate.swift */ = {isa = PBXFileReference; lastKnownFileType = sourcecode.swift; path = SceneDelegate.swift; sourceTree = "<group>"; };
		FAB26A8A24BC03BE0037F6B2 /* ContentView.swift */ = {isa = PBXFileReference; lastKnownFileType = sourcecode.swift; path = ContentView.swift; sourceTree = "<group>"; };
		FAB26A8C24BC03BE0037F6B2 /* Assets.xcassets */ = {isa = PBXFileReference; lastKnownFileType = folder.assetcatalog; path = Assets.xcassets; sourceTree = "<group>"; };
		FAB26A8F24BC03BE0037F6B2 /* Preview Assets.xcassets */ = {isa = PBXFileReference; lastKnownFileType = folder.assetcatalog; path = "Preview Assets.xcassets"; sourceTree = "<group>"; };
		FAB26A9224BC03BE0037F6B2 /* Base */ = {isa = PBXFileReference; lastKnownFileType = file.storyboard; name = Base; path = Base.lproj/LaunchScreen.storyboard; sourceTree = "<group>"; };
		FAB26A9424BC03BE0037F6B2 /* Info.plist */ = {isa = PBXFileReference; lastKnownFileType = text.plist.xml; path = Info.plist; sourceTree = "<group>"; };
		FAE1CA3824BD7D20006281FC /* AstronautView.swift */ = {isa = PBXFileReference; lastKnownFileType = sourcecode.swift; path = AstronautView.swift; sourceTree = "<group>"; };
		FAE7EB3924BC1BB500484AA2 /* missions.json */ = {isa = PBXFileReference; fileEncoding = 4; lastKnownFileType = text.json; path = missions.json; sourceTree = "<group>"; };
		FAE7EB3A24BC1BB500484AA2 /* astronauts.json */ = {isa = PBXFileReference; fileEncoding = 4; lastKnownFileType = text.json; path = astronauts.json; sourceTree = "<group>"; };
		FAE7EB3F24BC1CBB00484AA2 /* Astronaut.swift */ = {isa = PBXFileReference; lastKnownFileType = sourcecode.swift; path = Astronaut.swift; sourceTree = "<group>"; };
/* End PBXFileReference section */

/* Begin PBXFrameworksBuildPhase section */
		FAB26A8024BC03BD0037F6B2 /* Frameworks */ = {
			isa = PBXFrameworksBuildPhase;
			buildActionMask = 2147483647;
			files = (
			);
			runOnlyForDeploymentPostprocessing = 0;
		};
/* End PBXFrameworksBuildPhase section */

/* Begin PBXGroup section */
		FA58340024BC1FF200A18100 /* Extensions */ = {
			isa = PBXGroup;
			children = (
				FA58340124BC1FFE00A18100 /* Bundle-Decodable.swift */,
			);
			path = Extensions;
			sourceTree = "<group>";
		};
		FAB26A7A24BC03BD0037F6B2 = {
			isa = PBXGroup;
			children = (
				FAB26A8524BC03BE0037F6B2 /* Moonshot */,
				FAB26A8424BC03BE0037F6B2 /* Products */,
			);
			sourceTree = "<group>";
		};
		FAB26A8424BC03BE0037F6B2 /* Products */ = {
			isa = PBXGroup;
			children = (
				FAB26A8324BC03BE0037F6B2 /* Moonshot.app */,
			);
			name = Products;
			sourceTree = "<group>";
		};
		FAB26A8524BC03BE0037F6B2 /* Moonshot */ = {
			isa = PBXGroup;
			children = (
				FAB26A8624BC03BE0037F6B2 /* AppDelegate.swift */,
				FAB26A8824BC03BE0037F6B2 /* SceneDelegate.swift */,
				FAE7EB3D24BC1BBD00484AA2 /* Data */,
				FAE7EB4124BC1CBE00484AA2 /* Models */,
				FAE7EB3E24BC1BC800484AA2 /* Views */,
				FA58340024BC1FF200A18100 /* Extensions */,
				FAB26A8C24BC03BE0037F6B2 /* Assets.xcassets */,
				FAB26A9124BC03BE0037F6B2 /* LaunchScreen.storyboard */,
				FAB26A9424BC03BE0037F6B2 /* Info.plist */,
				FAB26A8E24BC03BE0037F6B2 /* Preview Content */,
			);
			path = Moonshot;
			sourceTree = "<group>";
		};
		FAB26A8E24BC03BE0037F6B2 /* Preview Content */ = {
			isa = PBXGroup;
			children = (
				FAB26A8F24BC03BE0037F6B2 /* Preview Assets.xcassets */,
			);
			path = "Preview Content";
			sourceTree = "<group>";
		};
		FAE7EB3D24BC1BBD00484AA2 /* Data */ = {
			isa = PBXGroup;
			children = (
				FAE7EB3A24BC1BB500484AA2 /* astronauts.json */,
				FAE7EB3924BC1BB500484AA2 /* missions.json */,
			);
			path = Data;
			sourceTree = "<group>";
		};
		FAE7EB3E24BC1BC800484AA2 /* Views */ = {
			isa = PBXGroup;
			children = (
				FAB26A8A24BC03BE0037F6B2 /* ContentView.swift */,
				FA58340524BC4D2C00A18100 /* MissionView.swift */,
				FAE1CA3824BD7D20006281FC /* AstronautView.swift */,
			);
			path = Views;
			sourceTree = "<group>";
		};
		FAE7EB4124BC1CBE00484AA2 /* Models */ = {
			isa = PBXGroup;
			children = (
				FAE7EB3F24BC1CBB00484AA2 /* Astronaut.swift */,
				FA58340324BC2BCB00A18100 /* Mission.swift */,
			);
			path = Models;
			sourceTree = "<group>";
		};
/* End PBXGroup section */

/* Begin PBXNativeTarget section */
		FAB26A8224BC03BD0037F6B2 /* Moonshot */ = {
			isa = PBXNativeTarget;
			buildConfigurationList = FAB26A9724BC03BE0037F6B2 /* Build configuration list for PBXNativeTarget "Moonshot" */;
			buildPhases = (
				FAB26A7F24BC03BD0037F6B2 /* Sources */,
				FAB26A8024BC03BD0037F6B2 /* Frameworks */,
				FAB26A8124BC03BD0037F6B2 /* Resources */,
			);
			buildRules = (
			);
			dependencies = (
			);
			name = Moonshot;
			productName = Moonshot;
			productReference = FAB26A8324BC03BE0037F6B2 /* Moonshot.app */;
			productType = "com.apple.product-type.application";
		};
/* End PBXNativeTarget section */

/* Begin PBXProject section */
		FAB26A7B24BC03BD0037F6B2 /* Project object */ = {
			isa = PBXProject;
			attributes = {
				LastSwiftUpdateCheck = 1150;
				LastUpgradeCheck = 1150;
				ORGANIZATIONNAME = "Nate Lee";
				TargetAttributes = {
					FAB26A8224BC03BD0037F6B2 = {
						CreatedOnToolsVersion = 11.5;
					};
				};
			};
			buildConfigurationList = FAB26A7E24BC03BD0037F6B2 /* Build configuration list for PBXProject "Moonshot" */;
			compatibilityVersion = "Xcode 9.3";
			developmentRegion = en;
			hasScannedForEncodings = 0;
			knownRegions = (
				en,
				Base,
			);
			mainGroup = FAB26A7A24BC03BD0037F6B2;
			productRefGroup = FAB26A8424BC03BE0037F6B2 /* Products */;
			projectDirPath = "";
			projectRoot = "";
			targets = (
				FAB26A8224BC03BD0037F6B2 /* Moonshot */,
			);
		};
/* End PBXProject section */

/* Begin PBXResourcesBuildPhase section */
		FAB26A8124BC03BD0037F6B2 /* Resources */ = {
			isa = PBXResourcesBuildPhase;
			buildActionMask = 2147483647;
			files = (
				FAB26A9324BC03BE0037F6B2 /* LaunchScreen.storyboard in Resources */,
				FAB26A9024BC03BE0037F6B2 /* Preview Assets.xcassets in Resources */,
				FAE7EB3B24BC1BB600484AA2 /* missions.json in Resources */,
				FAE7EB3C24BC1BB600484AA2 /* astronauts.json in Resources */,
				FAB26A8D24BC03BE0037F6B2 /* Assets.xcassets in Resources */,
			);
			runOnlyForDeploymentPostprocessing = 0;
		};
/* End PBXResourcesBuildPhase section */

/* Begin PBXSourcesBuildPhase section */
		FAB26A7F24BC03BD0037F6B2 /* Sources */ = {
			isa = PBXSourcesBuildPhase;
			buildActionMask = 2147483647;
			files = (
				FA58340624BC4D2C00A18100 /* MissionView.swift in Sources */,
				FA58340424BC2BCB00A18100 /* Mission.swift in Sources */,
				FAE1CA3924BD7D20006281FC /* AstronautView.swift in Sources */,
				FAB26A8724BC03BE0037F6B2 /* AppDelegate.swift in Sources */,
				FAB26A8924BC03BE0037F6B2 /* SceneDelegate.swift in Sources */,
				FA58340224BC1FFE00A18100 /* Bundle-Decodable.swift in Sources */,
				FAB26A8B24BC03BE0037F6B2 /* ContentView.swift in Sources */,
				FAE7EB4024BC1CBB00484AA2 /* Astronaut.swift in Sources */,
			);
			runOnlyForDeploymentPostprocessing = 0;
		};
/* End PBXSourcesBuildPhase section */

/* Begin PBXVariantGroup section */
		FAB26A9124BC03BE0037F6B2 /* LaunchScreen.storyboard */ = {
			isa = PBXVariantGroup;
			children = (
				FAB26A9224BC03BE0037F6B2 /* Base */,
			);
			name = LaunchScreen.storyboard;
			sourceTree = "<group>";
		};
/* End PBXVariantGroup section */

/* Begin XCBuildConfiguration section */
		FAB26A9524BC03BE0037F6B2 /* Debug */ = {
			isa = XCBuildConfiguration;
			buildSettings = {
				ALWAYS_SEARCH_USER_PATHS = NO;
				CLANG_ANALYZER_NONNULL = YES;
				CLANG_ANALYZER_NUMBER_OBJECT_CONVERSION = YES_AGGRESSIVE;
				CLANG_CXX_LANGUAGE_STANDARD = "gnu++14";
				CLANG_CXX_LIBRARY = "libc++";
				CLANG_ENABLE_MODULES = YES;
				CLANG_ENABLE_OBJC_ARC = YES;
				CLANG_ENABLE_OBJC_WEAK = YES;
				CLANG_WARN_BLOCK_CAPTURE_AUTORELEASING = YES;
				CLANG_WARN_BOOL_CONVERSION = YES;
				CLANG_WARN_COMMA = YES;
				CLANG_WARN_CONSTANT_CONVERSION = YES;
				CLANG_WARN_DEPRECATED_OBJC_IMPLEMENTATIONS = YES;
				CLANG_WARN_DIRECT_OBJC_ISA_USAGE = YES_ERROR;
				CLANG_WARN_DOCUMENTATION_COMMENTS = YES;
				CLANG_WARN_EMPTY_BODY = YES;
				CLANG_WARN_ENUM_CONVERSION = YES;
				CLANG_WARN_INFINITE_RECURSION = YES;
				CLANG_WARN_INT_CONVERSION = YES;
				CLANG_WARN_NON_LITERAL_NULL_CONVERSION = YES;
				CLANG_WARN_OBJC_IMPLICIT_RETAIN_SELF = YES;
				CLANG_WARN_OBJC_LITERAL_CONVERSION = YES;
				CLANG_WARN_OBJC_ROOT_CLASS = YES_ERROR;
				CLANG_WARN_RANGE_LOOP_ANALYSIS = YES;
				CLANG_WARN_STRICT_PROTOTYPES = YES;
				CLANG_WARN_SUSPICIOUS_MOVE = YES;
				CLANG_WARN_UNGUARDED_AVAILABILITY = YES_AGGRESSIVE;
				CLANG_WARN_UNREACHABLE_CODE = YES;
				CLANG_WARN__DUPLICATE_METHOD_MATCH = YES;
				COPY_PHASE_STRIP = NO;
				DEBUG_INFORMATION_FORMAT = dwarf;
				ENABLE_STRICT_OBJC_MSGSEND = YES;
				ENABLE_TESTABILITY = YES;
				GCC_C_LANGUAGE_STANDARD = gnu11;
				GCC_DYNAMIC_NO_PIC = NO;
				GCC_NO_COMMON_BLOCKS = YES;
				GCC_OPTIMIZATION_LEVEL = 0;
				GCC_PREPROCESSOR_DEFINITIONS = (
					"DEBUG=1",
					"$(inherited)",
				);
				GCC_WARN_64_TO_32_BIT_CONVERSION = YES;
				GCC_WARN_ABOUT_RETURN_TYPE = YES_ERROR;
				GCC_WARN_UNDECLARED_SELECTOR = YES;
				GCC_WARN_UNINITIALIZED_AUTOS = YES_AGGRESSIVE;
				GCC_WARN_UNUSED_FUNCTION = YES;
				GCC_WARN_UNUSED_VARIABLE = YES;
				IPHONEOS_DEPLOYMENT_TARGET = 13.5;
				MTL_ENABLE_DEBUG_INFO = INCLUDE_SOURCE;
				MTL_FAST_MATH = YES;
				ONLY_ACTIVE_ARCH = YES;
				SDKROOT = iphoneos;
				SWIFT_ACTIVE_COMPILATION_CONDITIONS = DEBUG;
				SWIFT_OPTIMIZATION_LEVEL = "-Onone";
			};
			name = Debug;
		};
		FAB26A9624BC03BE0037F6B2 /* Release */ = {
			isa = XCBuildConfiguration;
			buildSettings = {
				ALWAYS_SEARCH_USER_PATHS = NO;
				CLANG_ANALYZER_NONNULL = YES;
				CLANG_ANALYZER_NUMBER_OBJECT_CONVERSION = YES_AGGRESSIVE;
				CLANG_CXX_LANGUAGE_STANDARD = "gnu++14";
				CLANG_CXX_LIBRARY = "libc++";
				CLANG_ENABLE_MODULES = YES;
				CLANG_ENABLE_OBJC_ARC = YES;
				CLANG_ENABLE_OBJC_WEAK = YES;
				CLANG_WARN_BLOCK_CAPTURE_AUTORELEASING = YES;
				CLANG_WARN_BOOL_CONVERSION = YES;
				CLANG_WARN_COMMA = YES;
				CLANG_WARN_CONSTANT_CONVERSION = YES;
				CLANG_WARN_DEPRECATED_OBJC_IMPLEMENTATIONS = YES;
				CLANG_WARN_DIRECT_OBJC_ISA_USAGE = YES_ERROR;
				CLANG_WARN_DOCUMENTATION_COMMENTS = YES;
				CLANG_WARN_EMPTY_BODY = YES;
				CLANG_WARN_ENUM_CONVERSION = YES;
				CLANG_WARN_INFINITE_RECURSION = YES;
				CLANG_WARN_INT_CONVERSION = YES;
				CLANG_WARN_NON_LITERAL_NULL_CONVERSION = YES;
				CLANG_WARN_OBJC_IMPLICIT_RETAIN_SELF = YES;
				CLANG_WARN_OBJC_LITERAL_CONVERSION = YES;
				CLANG_WARN_OBJC_ROOT_CLASS = YES_ERROR;
				CLANG_WARN_RANGE_LOOP_ANALYSIS = YES;
				CLANG_WARN_STRICT_PROTOTYPES = YES;
				CLANG_WARN_SUSPICIOUS_MOVE = YES;
				CLANG_WARN_UNGUARDED_AVAILABILITY = YES_AGGRESSIVE;
				CLANG_WARN_UNREACHABLE_CODE = YES;
				CLANG_WARN__DUPLICATE_METHOD_MATCH = YES;
				COPY_PHASE_STRIP = NO;
				DEBUG_INFORMATION_FORMAT = "dwarf-with-dsym";
				ENABLE_NS_ASSERTIONS = NO;
				ENABLE_STRICT_OBJC_MSGSEND = YES;
				GCC_C_LANGUAGE_STANDARD = gnu11;
				GCC_NO_COMMON_BLOCKS = YES;
				GCC_WARN_64_TO_32_BIT_CONVERSION = YES;
				GCC_WARN_ABOUT_RETURN_TYPE = YES_ERROR;
				GCC_WARN_UNDECLARED_SELECTOR = YES;
				GCC_WARN_UNINITIALIZED_AUTOS = YES_AGGRESSIVE;
				GCC_WARN_UNUSED_FUNCTION = YES;
				GCC_WARN_UNUSED_VARIABLE = YES;
				IPHONEOS_DEPLOYMENT_TARGET = 13.5;
				MTL_ENABLE_DEBUG_INFO = NO;
				MTL_FAST_MATH = YES;
				SDKROOT = iphoneos;
				SWIFT_COMPILATION_MODE = wholemodule;
				SWIFT_OPTIMIZATION_LEVEL = "-O";
				VALIDATE_PRODUCT = YES;
			};
			name = Release;
		};
		FAB26A9824BC03BE0037F6B2 /* Debug */ = {
			isa = XCBuildConfiguration;
			buildSettings = {
				ASSETCATALOG_COMPILER_APPICON_NAME = AppIcon;
				CODE_SIGN_STYLE = Automatic;
				DEVELOPMENT_ASSET_PATHS = "\"Moonshot/Preview Content\"";
				DEVELOPMENT_TEAM = LQY7L3XZHF;
				ENABLE_PREVIEWS = YES;
				INFOPLIST_FILE = Moonshot/Info.plist;
				LD_RUNPATH_SEARCH_PATHS = (
					"$(inherited)",
					"@executable_path/Frameworks",
				);
				PRODUCT_BUNDLE_IDENTIFIER = dev.natelee.Moonshot;
				PRODUCT_NAME = "$(TARGET_NAME)";
				SWIFT_VERSION = 5.0;
				TARGETED_DEVICE_FAMILY = "1,2";
			};
			name = Debug;
		};
		FAB26A9924BC03BE0037F6B2 /* Release */ = {
			isa = XCBuildConfiguration;
			buildSettings = {
				ASSETCATALOG_COMPILER_APPICON_NAME = AppIcon;
				CODE_SIGN_STYLE = Automatic;
				DEVELOPMENT_ASSET_PATHS = "\"Moonshot/Preview Content\"";
				DEVELOPMENT_TEAM = LQY7L3XZHF;
				ENABLE_PREVIEWS = YES;
				INFOPLIST_FILE = Moonshot/Info.plist;
				LD_RUNPATH_SEARCH_PATHS = (
					"$(inherited)",
					"@executable_path/Frameworks",
				);
				PRODUCT_BUNDLE_IDENTIFIER = dev.natelee.Moonshot;
				PRODUCT_NAME = "$(TARGET_NAME)";
				SWIFT_VERSION = 5.0;
				TARGETED_DEVICE_FAMILY = "1,2";
			};
			name = Release;
		};
/* End XCBuildConfiguration section */

/* Begin XCConfigurationList section */
		FAB26A7E24BC03BD0037F6B2 /* Build configuration list for PBXProject "Moonshot" */ = {
			isa = XCConfigurationList;
			buildConfigurations = (
				FAB26A9524BC03BE0037F6B2 /* Debug */,
				FAB26A9624BC03BE0037F6B2 /* Release */,
			);
			defaultConfigurationIsVisible = 0;
			defaultConfigurationName = Release;
		};
		FAB26A9724BC03BE0037F6B2 /* Build configuration list for PBXNativeTarget "Moonshot" */ = {
			isa = XCConfigurationList;
			buildConfigurations = (
				FAB26A9824BC03BE0037F6B2 /* Debug */,
				FAB26A9924BC03BE0037F6B2 /* Release */,
			);
			defaultConfigurationIsVisible = 0;
			defaultConfigurationName = Release;
		};
/* End XCConfigurationList section */
	};
	rootObject = FAB26A7B24BC03BD0037F6B2 /* Project object */;
}
